
Microsoft Visual Studio Solution File, Format Version 9.00
# Visual Studio 2005
Project("{8BC9CEB8-8B4A-11D0-8D11-00A0C91BC942}") = "TTFNameLibrary", "TTFNameLibrary\TTFNameLibrary.vcproj", "{838EA109-BDC7-4242-A9FB-39240980BAF7}"
EndProject
Project("{8BC9CEB8-8B4A-11D0-8D11-00A0C91BC942}") = "TestGetFontFamilyName", "TestGetFontFamilyName\TestGetFontFamilyName.vcproj", "{1F30D0AF-F1B8-4757-9BC9-96E3F81D8D74}"
	ProjectSection(ProjectDependencies) = postProject
		{838EA109-BDC7-4242-A9FB-39240980BAF7} = {838EA109-BDC7-4242-A9FB-39240980BAF7}
	EndProjectSection
EndProject
Project("{8BC9CEB8-8B4A-11D0-8D11-00A0C91BC942}") = "MkvFontExtractor", "MkvFontExtractor\MkvFontExtractor.vcproj", "{DC432AE7-7BD2-469A-9506-5456E682DDEC}"
	ProjectSection(ProjectDependencies) = postProject
		{838EA109-BDC7-4242-A9FB-39240980BAF7} = {838EA109-BDC7-4242-A9FB-39240980BAF7}
	EndProjectSection
EndProject
Global
	GlobalSection(SolutionConfigurationPlatforms) = preSolution
		Debug|Win32 = Debug|Win32
		Release|Win32 = Release|Win32
	EndGlobalSection
	GlobalSection(ProjectConfigurationPlatforms) = postSolution
		{838EA109-BDC7-4242-A9FB-39240980BAF7}.Debug|Win32.ActiveCfg = Debug|Win32
		{838EA109-BDC7-4242-A9FB-39240980BAF7}.Debug|Win32.Build.0 = Debug|Win32
		{838EA109-BDC7-4242-A9FB-39240980BAF7}.Release|Win32.ActiveCfg = Release|Win32
		{838EA109-BDC7-4242-A9FB-39240980BAF7}.Release|Win32.Build.0 = Release|Win32
		{1F30D0AF-F1B8-4757-9BC9-96E3F81D8D74}.Debug|Win32.ActiveCfg = Debug|Win32
		{1F30D0AF-F1B8-4757-9BC9-96E3F81D8D74}.Debug|Win32.Build.0 = Debug|Win32
		{1F30D0AF-F1B8-4757-9BC9-96E3F81D8D74}.Release|Win32.ActiveCfg = Release|Win32
		{1F30D0AF-F1B8-4757-9BC9-96E3F81D8D74}.Release|Win32.Build.0 = Release|Win32
		{DC432AE7-7BD2-469A-9506-5456E682DDEC}.Debug|Win32.ActiveCfg = Debug|Win32
		{DC432AE7-7BD2-469A-9506-5456E682DDEC}.Debug|Win32.Build.0 = Debug|Win32
		{DC432AE7-7BD2-469A-9506-5456E682DDEC}.Release|Win32.ActiveCfg = Release|Win32
		{DC432AE7-7BD2-469A-9506-5456E682DDEC}.Release|Win32.Build.0 = Release|Win32
	EndGlobalSection
	GlobalSection(SolutionProperties) = preSolution
		HideSolutionNode = FALSE
	EndGlobalSection
EndGlobal
